
Microsoft Visual Studio Solution File, Format Version 10.00
# Visual Studio 2008
Project("{FAE04EC0-301F-11D3-BF4B-00C04F79EFBC}") = "CRUDCSHARPSQLSERVER", "CRUDCSHARPSQLSERVER\CRUDCSHARPSQLSERVER.csproj", "{D7BBBCA2-3A61-4438-92BD-446E85FBADF1}"
EndProject
Global
	GlobalSection(SolutionConfigurationPlatforms) = preSolution
		Debug|Any CPU = Debug|Any CPU
		Release|Any CPU = Release|Any CPU
	EndGlobalSection
	GlobalSection(ProjectConfigurationPlatforms) = postSolution
		{D7BBBCA2-3A61-4438-92BD-446E85FBADF1}.Debug|Any CPU.ActiveCfg = Debug|Any CPU
		{D7BBBCA2-3A61-4438-92BD-446E85FBADF1}.Debug|Any CPU.Build.0 = Debug|Any CPU
		{D7BBBCA2-3A61-4438-92BD-446E85FBADF1}.Release|Any CPU.ActiveCfg = Release|Any CPU
		{D7BBBCA2-3A61-4438-92BD-446E85FBADF1}.Release|Any CPU.Build.0 = Release|Any CPU
	EndGlobalSection
	GlobalSection(SolutionProperties) = preSolution
		HideSolutionNode = FALSE
	EndGlobalSection
EndGlobal
